
Microsoft Visual Studio Solution File, Format Version 12.00
# Visual Studio Version 16
VisualStudioVersion = 16.0.33529.622
MinimumVisualStudioVersion = 10.0.40219.1
Project("{8BC9CEB8-8B4A-11D0-8D11-00A0C91BC942}") = "Project1", "Project1.vcxproj", "{64B3AB7F-F8C0-4014-B232-08114944D9BD}"
EndProject
Global
	GlobalSection(SolutionConfigurationPlatforms) = preSolution
		Debug|x64 = Debug|x64
		Debug|x86 = Debug|x86
		Release|x64 = Release|x64
		Release|x86 = Release|x86
	EndGlobalSection
	GlobalSection(ProjectConfigurationPlatforms) = postSolution
		{64B3AB7F-F8C0-4014-B232-08114944D9BD}.Debug|x64.ActiveCfg = Debug|x64
		{64B3AB7F-F8C0-4014-B232-08114944D9BD}.Debug|x64.Build.0 = Debug|x64
		{64B3AB7F-F8C0-4014-B232-08114944D9BD}.Debug|x86.ActiveCfg = Debug|Win32
		{64B3AB7F-F8C0-4014-B232-08114944D9BD}.Debug|x86.Build.0 = Debug|Win32
		{64B3AB7F-F8C0-4014-B232-08114944D9BD}.Release|x64.ActiveCfg = Release|x64
		{64B3AB7F-F8C0-4014-B232-08114944D9BD}.Release|x64.Build.0 = Release|x64
		{64B3AB7F-F8C0-4014-B232-08114944D9BD}.Release|x86.ActiveCfg = Release|Win32
		{64B3AB7F-F8C0-4014-B232-08114944D9BD}.Release|x86.Build.0 = Release|Win32
	EndGlobalSection
	GlobalSection(SolutionProperties) = preSolution
		HideSolutionNode = FALSE
	EndGlobalSection
	GlobalSection(ExtensibilityGlobals) = postSolution
		SolutionGuid = {53CE4B3F-C594-4FB6-9D49-3FD523D8BB88}
	EndGlobalSection
EndGlobal
